
Microsoft Visual Studio Solution File, Format Version 12.00
# Visual Studio Version 16
VisualStudioVersion = 16.0.31515.178
MinimumVisualStudioVersion = 10.0.40219.1
Project("{8BC9CEB8-8B4A-11D0-8D11-00A0C91BC942}") = "ProjektIV", "ProjektIV\ProjektIV.vcxproj", "{A87717F0-5606-4DE2-92E7-18C1DD740540}"
EndProject
Global
	GlobalSection(SolutionConfigurationPlatforms) = preSolution
		Debug|x64 = Debug|x64
		Debug|x86 = Debug|x86
		Release|x64 = Release|x64
		Release|x86 = Release|x86
	EndGlobalSection
	GlobalSection(ProjectConfigurationPlatforms) = postSolution
		{A87717F0-5606-4DE2-92E7-18C1DD740540}.Debug|x64.ActiveCfg = Debug|x64
		{A87717F0-5606-4DE2-92E7-18C1DD740540}.Debug|x64.Build.0 = Debug|x64
		{A87717F0-5606-4DE2-92E7-18C1DD740540}.Debug|x86.ActiveCfg = Debug|Win32
		{A87717F0-5606-4DE2-92E7-18C1DD740540}.Debug|x86.Build.0 = Debug|Win32
		{A87717F0-5606-4DE2-92E7-18C1DD740540}.Release|x64.ActiveCfg = Release|x64
		{A87717F0-5606-4DE2-92E7-18C1DD740540}.Release|x64.Build.0 = Release|x64
		{A87717F0-5606-4DE2-92E7-18C1DD740540}.Release|x86.ActiveCfg = Release|Win32
		{A87717F0-5606-4DE2-92E7-18C1DD740540}.Release|x86.Build.0 = Release|Win32
	EndGlobalSection
	GlobalSection(SolutionProperties) = preSolution
		HideSolutionNode = FALSE
	EndGlobalSection
	GlobalSection(ExtensibilityGlobals) = postSolution
		SolutionGuid = {433DFB23-AA08-4B0D-9D14-6607B3577B62}
	EndGlobalSection
EndGlobal
